
Microsoft Visual Studio Solution File, Format Version 12.00
# Visual Studio Version 16
VisualStudioVersion = 16.0.29418.71
MinimumVisualStudioVersion = 10.0.40219.1
Project("{FAE04EC0-301F-11D3-BF4B-00C04F79EFBC}") = "Course", "Course\Course.csproj", "{814D7C88-460A-454D-AF3D-39769C90B0F8}"
EndProject
Global
	GlobalSection(SolutionConfigurationPlatforms) = preSolution
		Debug|Any CPU = Debug|Any CPU
		Release|Any CPU = Release|Any CPU
	EndGlobalSection
	GlobalSection(ProjectConfigurationPlatforms) = postSolution
		{814D7C88-460A-454D-AF3D-39769C90B0F8}.Debug|Any CPU.ActiveCfg = Debug|Any CPU
		{814D7C88-460A-454D-AF3D-39769C90B0F8}.Debug|Any CPU.Build.0 = Debug|Any CPU
		{814D7C88-460A-454D-AF3D-39769C90B0F8}.Release|Any CPU.ActiveCfg = Release|Any CPU
		{814D7C88-460A-454D-AF3D-39769C90B0F8}.Release|Any CPU.Build.0 = Release|Any CPU
	EndGlobalSection
	GlobalSection(SolutionProperties) = preSolution
		HideSolutionNode = FALSE
	EndGlobalSection
	GlobalSection(ExtensibilityGlobals) = postSolution
		SolutionGuid = {18AE81FF-28DB-40A7-853C-47E27AA04B4D}
	EndGlobalSection
EndGlobal
