
Microsoft Visual Studio Solution File, Format Version 12.00
# Visual Studio Version 16
VisualStudioVersion = 16.0.29418.71
MinimumVisualStudioVersion = 10.0.40219.1
Project("{FAE04EC0-301F-11D3-BF4B-00C04F79EFBC}") = "ConjutosExercicio", "ConjutosExercicio\ConjutosExercicio.csproj", "{F3813EA9-B3E6-4111-8F48-AEEFC8BB63F4}"
EndProject
Global
	GlobalSection(SolutionConfigurationPlatforms) = preSolution
		Debug|Any CPU = Debug|Any CPU
		Release|Any CPU = Release|Any CPU
	EndGlobalSection
	GlobalSection(ProjectConfigurationPlatforms) = postSolution
		{F3813EA9-B3E6-4111-8F48-AEEFC8BB63F4}.Debug|Any CPU.ActiveCfg = Debug|Any CPU
		{F3813EA9-B3E6-4111-8F48-AEEFC8BB63F4}.Debug|Any CPU.Build.0 = Debug|Any CPU
		{F3813EA9-B3E6-4111-8F48-AEEFC8BB63F4}.Release|Any CPU.ActiveCfg = Release|Any CPU
		{F3813EA9-B3E6-4111-8F48-AEEFC8BB63F4}.Release|Any CPU.Build.0 = Release|Any CPU
	EndGlobalSection
	GlobalSection(SolutionProperties) = preSolution
		HideSolutionNode = FALSE
	EndGlobalSection
	GlobalSection(ExtensibilityGlobals) = postSolution
		SolutionGuid = {AABADA65-0932-4580-8062-1015474A0C4F}
	EndGlobalSection
EndGlobal
