
Microsoft Visual Studio Solution File, Format Version 12.00
# Visual Studio Version 16
VisualStudioVersion = 16.0.29418.71
MinimumVisualStudioVersion = 10.0.40219.1
Project("{FAE04EC0-301F-11D3-BF4B-00C04F79EFBC}") = "MembrosEstaticosExCerto", "MembrosEstaticosExCerto\MembrosEstaticosExCerto.csproj", "{A7FE08D7-FC14-4C54-96E5-6EC739EC413F}"
EndProject
Global
	GlobalSection(SolutionConfigurationPlatforms) = preSolution
		Debug|Any CPU = Debug|Any CPU
		Release|Any CPU = Release|Any CPU
	EndGlobalSection
	GlobalSection(ProjectConfigurationPlatforms) = postSolution
		{A7FE08D7-FC14-4C54-96E5-6EC739EC413F}.Debug|Any CPU.ActiveCfg = Debug|Any CPU
		{A7FE08D7-FC14-4C54-96E5-6EC739EC413F}.Debug|Any CPU.Build.0 = Debug|Any CPU
		{A7FE08D7-FC14-4C54-96E5-6EC739EC413F}.Release|Any CPU.ActiveCfg = Release|Any CPU
		{A7FE08D7-FC14-4C54-96E5-6EC739EC413F}.Release|Any CPU.Build.0 = Release|Any CPU
	EndGlobalSection
	GlobalSection(SolutionProperties) = preSolution
		HideSolutionNode = FALSE
	EndGlobalSection
	GlobalSection(ExtensibilityGlobals) = postSolution
		SolutionGuid = {79C8043D-7EC2-434C-9EF6-AD658DBDE8D9}
	EndGlobalSection
EndGlobal
