
Microsoft Visual Studio Solution File, Format Version 12.00
# Visual Studio Version 16
VisualStudioVersion = 16.0.29418.71
MinimumVisualStudioVersion = 10.0.40219.1
Project("{FAE04EC0-301F-11D3-BF4B-00C04F79EFBC}") = "Course", "Course\Course.csproj", "{120EE10D-55B3-4D6B-B58F-F4085E178D53}"
EndProject
Global
	GlobalSection(SolutionConfigurationPlatforms) = preSolution
		Debug|Any CPU = Debug|Any CPU
		Release|Any CPU = Release|Any CPU
	EndGlobalSection
	GlobalSection(ProjectConfigurationPlatforms) = postSolution
		{120EE10D-55B3-4D6B-B58F-F4085E178D53}.Debug|Any CPU.ActiveCfg = Debug|Any CPU
		{120EE10D-55B3-4D6B-B58F-F4085E178D53}.Debug|Any CPU.Build.0 = Debug|Any CPU
		{120EE10D-55B3-4D6B-B58F-F4085E178D53}.Release|Any CPU.ActiveCfg = Release|Any CPU
		{120EE10D-55B3-4D6B-B58F-F4085E178D53}.Release|Any CPU.Build.0 = Release|Any CPU
	EndGlobalSection
	GlobalSection(SolutionProperties) = preSolution
		HideSolutionNode = FALSE
	EndGlobalSection
	GlobalSection(ExtensibilityGlobals) = postSolution
		SolutionGuid = {4BA10424-828C-404F-B4D6-07B5251FA07C}
	EndGlobalSection
EndGlobal
