
Microsoft Visual Studio Solution File, Format Version 12.00
# Visual Studio Version 16
VisualStudioVersion = 16.0.29418.71
MinimumVisualStudioVersion = 10.0.40219.1
Project("{FAE04EC0-301F-11D3-BF4B-00C04F79EFBC}") = "Course", "Course\Course.csproj", "{BD48C11B-10BA-4B37-9631-0CB1ACFEB4AA}"
EndProject
Global
	GlobalSection(SolutionConfigurationPlatforms) = preSolution
		Debug|Any CPU = Debug|Any CPU
		Release|Any CPU = Release|Any CPU
	EndGlobalSection
	GlobalSection(ProjectConfigurationPlatforms) = postSolution
		{BD48C11B-10BA-4B37-9631-0CB1ACFEB4AA}.Debug|Any CPU.ActiveCfg = Debug|Any CPU
		{BD48C11B-10BA-4B37-9631-0CB1ACFEB4AA}.Debug|Any CPU.Build.0 = Debug|Any CPU
		{BD48C11B-10BA-4B37-9631-0CB1ACFEB4AA}.Release|Any CPU.ActiveCfg = Release|Any CPU
		{BD48C11B-10BA-4B37-9631-0CB1ACFEB4AA}.Release|Any CPU.Build.0 = Release|Any CPU
	EndGlobalSection
	GlobalSection(SolutionProperties) = preSolution
		HideSolutionNode = FALSE
	EndGlobalSection
	GlobalSection(ExtensibilityGlobals) = postSolution
		SolutionGuid = {22EFF62E-4AB0-4BC6-A497-58CD4B0C25E2}
	EndGlobalSection
EndGlobal
