
Microsoft Visual Studio Solution File, Format Version 12.00
# Visual Studio Version 16
VisualStudioVersion = 16.0.29418.71
MinimumVisualStudioVersion = 10.0.40219.1
Project("{FAE04EC0-301F-11D3-BF4B-00C04F79EFBC}") = "Course", "Course\Course.csproj", "{2B96B6AB-0F14-4933-95AF-5E612B65202A}"
EndProject
Global
	GlobalSection(SolutionConfigurationPlatforms) = preSolution
		Debug|Any CPU = Debug|Any CPU
		Release|Any CPU = Release|Any CPU
	EndGlobalSection
	GlobalSection(ProjectConfigurationPlatforms) = postSolution
		{2B96B6AB-0F14-4933-95AF-5E612B65202A}.Debug|Any CPU.ActiveCfg = Debug|Any CPU
		{2B96B6AB-0F14-4933-95AF-5E612B65202A}.Debug|Any CPU.Build.0 = Debug|Any CPU
		{2B96B6AB-0F14-4933-95AF-5E612B65202A}.Release|Any CPU.ActiveCfg = Release|Any CPU
		{2B96B6AB-0F14-4933-95AF-5E612B65202A}.Release|Any CPU.Build.0 = Release|Any CPU
	EndGlobalSection
	GlobalSection(SolutionProperties) = preSolution
		HideSolutionNode = FALSE
	EndGlobalSection
	GlobalSection(ExtensibilityGlobals) = postSolution
		SolutionGuid = {F53C26AF-C770-409D-8D19-06EC3D42B839}
	EndGlobalSection
EndGlobal
