
Microsoft Visual Studio Solution File, Format Version 12.00
# Visual Studio Version 16
VisualStudioVersion = 16.0.29418.71
MinimumVisualStudioVersion = 10.0.40219.1
Project("{FAE04EC0-301F-11D3-BF4B-00C04F79EFBC}") = "GettersESetters", "GettersESetters\GettersESetters.csproj", "{8C82E5E2-C5ED-45B3-8107-0890259304C6}"
EndProject
Global
	GlobalSection(SolutionConfigurationPlatforms) = preSolution
		Debug|Any CPU = Debug|Any CPU
		Release|Any CPU = Release|Any CPU
	EndGlobalSection
	GlobalSection(ProjectConfigurationPlatforms) = postSolution
		{8C82E5E2-C5ED-45B3-8107-0890259304C6}.Debug|Any CPU.ActiveCfg = Debug|Any CPU
		{8C82E5E2-C5ED-45B3-8107-0890259304C6}.Debug|Any CPU.Build.0 = Debug|Any CPU
		{8C82E5E2-C5ED-45B3-8107-0890259304C6}.Release|Any CPU.ActiveCfg = Release|Any CPU
		{8C82E5E2-C5ED-45B3-8107-0890259304C6}.Release|Any CPU.Build.0 = Release|Any CPU
	EndGlobalSection
	GlobalSection(SolutionProperties) = preSolution
		HideSolutionNode = FALSE
	EndGlobalSection
	GlobalSection(ExtensibilityGlobals) = postSolution
		SolutionGuid = {8832BDDA-9110-4B8B-8818-F5A36531EB52}
	EndGlobalSection
EndGlobal
