
Microsoft Visual Studio Solution File, Format Version 12.00
# Visual Studio Version 16
VisualStudioVersion = 16.0.29418.71
MinimumVisualStudioVersion = 10.0.40219.1
Project("{FAE04EC0-301F-11D3-BF4B-00C04F79EFBC}") = "Course", "Course\Course.csproj", "{B2014F8A-6E82-4242-8AFF-EDB337A6A409}"
EndProject
Global
	GlobalSection(SolutionConfigurationPlatforms) = preSolution
		Debug|Any CPU = Debug|Any CPU
		Release|Any CPU = Release|Any CPU
	EndGlobalSection
	GlobalSection(ProjectConfigurationPlatforms) = postSolution
		{B2014F8A-6E82-4242-8AFF-EDB337A6A409}.Debug|Any CPU.ActiveCfg = Debug|Any CPU
		{B2014F8A-6E82-4242-8AFF-EDB337A6A409}.Debug|Any CPU.Build.0 = Debug|Any CPU
		{B2014F8A-6E82-4242-8AFF-EDB337A6A409}.Release|Any CPU.ActiveCfg = Release|Any CPU
		{B2014F8A-6E82-4242-8AFF-EDB337A6A409}.Release|Any CPU.Build.0 = Release|Any CPU
	EndGlobalSection
	GlobalSection(SolutionProperties) = preSolution
		HideSolutionNode = FALSE
	EndGlobalSection
	GlobalSection(ExtensibilityGlobals) = postSolution
		SolutionGuid = {A7CF6B56-99AF-486F-85D8-5850F88585C2}
	EndGlobalSection
EndGlobal
