
Microsoft Visual Studio Solution File, Format Version 12.00
# Visual Studio Version 16
VisualStudioVersion = 16.0.29418.71
MinimumVisualStudioVersion = 10.0.40219.1
Project("{FAE04EC0-301F-11D3-BF4B-00C04F79EFBC}") = "Vetores2", "Vetores2\Vetores2.csproj", "{60DB2FBA-3245-497A-AED2-5A95F004486F}"
EndProject
Global
	GlobalSection(SolutionConfigurationPlatforms) = preSolution
		Debug|Any CPU = Debug|Any CPU
		Release|Any CPU = Release|Any CPU
	EndGlobalSection
	GlobalSection(ProjectConfigurationPlatforms) = postSolution
		{60DB2FBA-3245-497A-AED2-5A95F004486F}.Debug|Any CPU.ActiveCfg = Debug|Any CPU
		{60DB2FBA-3245-497A-AED2-5A95F004486F}.Debug|Any CPU.Build.0 = Debug|Any CPU
		{60DB2FBA-3245-497A-AED2-5A95F004486F}.Release|Any CPU.ActiveCfg = Release|Any CPU
		{60DB2FBA-3245-497A-AED2-5A95F004486F}.Release|Any CPU.Build.0 = Release|Any CPU
	EndGlobalSection
	GlobalSection(SolutionProperties) = preSolution
		HideSolutionNode = FALSE
	EndGlobalSection
	GlobalSection(ExtensibilityGlobals) = postSolution
		SolutionGuid = {E9722353-8414-4826-8931-C2D7C61FC71C}
	EndGlobalSection
EndGlobal
