
Microsoft Visual Studio Solution File, Format Version 12.00
# Visual Studio Version 16
VisualStudioVersion = 16.0.29418.71
MinimumVisualStudioVersion = 10.0.40219.1
Project("{FAE04EC0-301F-11D3-BF4B-00C04F79EFBC}") = "SwitchCase", "SwitchCase\SwitchCase.csproj", "{BFB01631-8028-4116-B127-9ACBB99832AB}"
EndProject
Global
	GlobalSection(SolutionConfigurationPlatforms) = preSolution
		Debug|Any CPU = Debug|Any CPU
		Release|Any CPU = Release|Any CPU
	EndGlobalSection
	GlobalSection(ProjectConfigurationPlatforms) = postSolution
		{BFB01631-8028-4116-B127-9ACBB99832AB}.Debug|Any CPU.ActiveCfg = Debug|Any CPU
		{BFB01631-8028-4116-B127-9ACBB99832AB}.Debug|Any CPU.Build.0 = Debug|Any CPU
		{BFB01631-8028-4116-B127-9ACBB99832AB}.Release|Any CPU.ActiveCfg = Release|Any CPU
		{BFB01631-8028-4116-B127-9ACBB99832AB}.Release|Any CPU.Build.0 = Release|Any CPU
	EndGlobalSection
	GlobalSection(SolutionProperties) = preSolution
		HideSolutionNode = FALSE
	EndGlobalSection
	GlobalSection(ExtensibilityGlobals) = postSolution
		SolutionGuid = {A612F0AF-9D8F-43FF-8948-92AB82232646}
	EndGlobalSection
EndGlobal
