
Microsoft Visual Studio Solution File, Format Version 12.00
# Visual Studio Version 16
VisualStudioVersion = 16.0.29418.71
MinimumVisualStudioVersion = 10.0.40219.1
Project("{FAE04EC0-301F-11D3-BF4B-00C04F79EFBC}") = "Encapsulamento", "Encapsulamento\Encapsulamento.csproj", "{A0C3A340-79E6-4CED-9D12-036D194E9B58}"
EndProject
Global
	GlobalSection(SolutionConfigurationPlatforms) = preSolution
		Debug|Any CPU = Debug|Any CPU
		Release|Any CPU = Release|Any CPU
	EndGlobalSection
	GlobalSection(ProjectConfigurationPlatforms) = postSolution
		{A0C3A340-79E6-4CED-9D12-036D194E9B58}.Debug|Any CPU.ActiveCfg = Debug|Any CPU
		{A0C3A340-79E6-4CED-9D12-036D194E9B58}.Debug|Any CPU.Build.0 = Debug|Any CPU
		{A0C3A340-79E6-4CED-9D12-036D194E9B58}.Release|Any CPU.ActiveCfg = Release|Any CPU
		{A0C3A340-79E6-4CED-9D12-036D194E9B58}.Release|Any CPU.Build.0 = Release|Any CPU
	EndGlobalSection
	GlobalSection(SolutionProperties) = preSolution
		HideSolutionNode = FALSE
	EndGlobalSection
	GlobalSection(ExtensibilityGlobals) = postSolution
		SolutionGuid = {BF49976B-1170-4E5B-B287-87B188BB65D9}
	EndGlobalSection
EndGlobal
