
Microsoft Visual Studio Solution File, Format Version 12.00
# Visual Studio Version 16
VisualStudioVersion = 16.0.29418.71
MinimumVisualStudioVersion = 10.0.40219.1
Project("{FAE04EC0-301F-11D3-BF4B-00C04F79EFBC}") = "Course", "Course\Course.csproj", "{2D09D1FE-7EF1-4A54-A1F1-92724D8B236B}"
EndProject
Global
	GlobalSection(SolutionConfigurationPlatforms) = preSolution
		Debug|Any CPU = Debug|Any CPU
		Release|Any CPU = Release|Any CPU
	EndGlobalSection
	GlobalSection(ProjectConfigurationPlatforms) = postSolution
		{2D09D1FE-7EF1-4A54-A1F1-92724D8B236B}.Debug|Any CPU.ActiveCfg = Debug|Any CPU
		{2D09D1FE-7EF1-4A54-A1F1-92724D8B236B}.Debug|Any CPU.Build.0 = Debug|Any CPU
		{2D09D1FE-7EF1-4A54-A1F1-92724D8B236B}.Release|Any CPU.ActiveCfg = Release|Any CPU
		{2D09D1FE-7EF1-4A54-A1F1-92724D8B236B}.Release|Any CPU.Build.0 = Release|Any CPU
	EndGlobalSection
	GlobalSection(SolutionProperties) = preSolution
		HideSolutionNode = FALSE
	EndGlobalSection
	GlobalSection(ExtensibilityGlobals) = postSolution
		SolutionGuid = {6A6D22B0-2046-4B6E-AE5A-90400C7F14A8}
	EndGlobalSection
EndGlobal
