
Microsoft Visual Studio Solution File, Format Version 12.00
# Visual Studio Version 16
VisualStudioVersion = 16.0.29418.71
MinimumVisualStudioVersion = 10.0.40219.1
Project("{FAE04EC0-301F-11D3-BF4B-00C04F79EFBC}") = "Nullable", "Nullable\Nullable.csproj", "{7A79429E-AA5F-45AE-AAC0-E0F7DA89117D}"
EndProject
Global
	GlobalSection(SolutionConfigurationPlatforms) = preSolution
		Debug|Any CPU = Debug|Any CPU
		Release|Any CPU = Release|Any CPU
	EndGlobalSection
	GlobalSection(ProjectConfigurationPlatforms) = postSolution
		{7A79429E-AA5F-45AE-AAC0-E0F7DA89117D}.Debug|Any CPU.ActiveCfg = Debug|Any CPU
		{7A79429E-AA5F-45AE-AAC0-E0F7DA89117D}.Debug|Any CPU.Build.0 = Debug|Any CPU
		{7A79429E-AA5F-45AE-AAC0-E0F7DA89117D}.Release|Any CPU.ActiveCfg = Release|Any CPU
		{7A79429E-AA5F-45AE-AAC0-E0F7DA89117D}.Release|Any CPU.Build.0 = Release|Any CPU
	EndGlobalSection
	GlobalSection(SolutionProperties) = preSolution
		HideSolutionNode = FALSE
	EndGlobalSection
	GlobalSection(ExtensibilityGlobals) = postSolution
		SolutionGuid = {7BF85CB7-0478-4E41-B18D-2A312FC28FE7}
	EndGlobalSection
EndGlobal
