
Microsoft Visual Studio Solution File, Format Version 12.00
# Visual Studio Version 16
VisualStudioVersion = 16.0.29418.71
MinimumVisualStudioVersion = 10.0.40219.1
Project("{FAE04EC0-301F-11D3-BF4B-00C04F79EFBC}") = "Exercícios  Estrutura Repetitiva WHILE", "Exercícios  Estrutura Repetitiva WHILE\Exercícios  Estrutura Repetitiva WHILE.csproj", "{EB51AA06-79B0-463D-A746-2DE4319A0761}"
EndProject
Global
	GlobalSection(SolutionConfigurationPlatforms) = preSolution
		Debug|Any CPU = Debug|Any CPU
		Release|Any CPU = Release|Any CPU
	EndGlobalSection
	GlobalSection(ProjectConfigurationPlatforms) = postSolution
		{EB51AA06-79B0-463D-A746-2DE4319A0761}.Debug|Any CPU.ActiveCfg = Debug|Any CPU
		{EB51AA06-79B0-463D-A746-2DE4319A0761}.Debug|Any CPU.Build.0 = Debug|Any CPU
		{EB51AA06-79B0-463D-A746-2DE4319A0761}.Release|Any CPU.ActiveCfg = Release|Any CPU
		{EB51AA06-79B0-463D-A746-2DE4319A0761}.Release|Any CPU.Build.0 = Release|Any CPU
	EndGlobalSection
	GlobalSection(SolutionProperties) = preSolution
		HideSolutionNode = FALSE
	EndGlobalSection
	GlobalSection(ExtensibilityGlobals) = postSolution
		SolutionGuid = {C6E89C9C-558D-4AF9-8EC4-213D53499ADC}
	EndGlobalSection
EndGlobal
