
Microsoft Visual Studio Solution File, Format Version 12.00
# Visual Studio Version 16
VisualStudioVersion = 16.0.29418.71
MinimumVisualStudioVersion = 10.0.40219.1
Project("{FAE04EC0-301F-11D3-BF4B-00C04F79EFBC}") = "OperadoresComparativos", "OperadoresComparativos\OperadoresComparativos.csproj", "{8BE7625D-7956-4E3B-8AEE-84FD6B4F15DA}"
EndProject
Global
	GlobalSection(SolutionConfigurationPlatforms) = preSolution
		Debug|Any CPU = Debug|Any CPU
		Release|Any CPU = Release|Any CPU
	EndGlobalSection
	GlobalSection(ProjectConfigurationPlatforms) = postSolution
		{8BE7625D-7956-4E3B-8AEE-84FD6B4F15DA}.Debug|Any CPU.ActiveCfg = Debug|Any CPU
		{8BE7625D-7956-4E3B-8AEE-84FD6B4F15DA}.Debug|Any CPU.Build.0 = Debug|Any CPU
		{8BE7625D-7956-4E3B-8AEE-84FD6B4F15DA}.Release|Any CPU.ActiveCfg = Release|Any CPU
		{8BE7625D-7956-4E3B-8AEE-84FD6B4F15DA}.Release|Any CPU.Build.0 = Release|Any CPU
	EndGlobalSection
	GlobalSection(SolutionProperties) = preSolution
		HideSolutionNode = FALSE
	EndGlobalSection
	GlobalSection(ExtensibilityGlobals) = postSolution
		SolutionGuid = {C0FB2BB5-A23B-446D-AD2A-A802387AD21F}
	EndGlobalSection
EndGlobal
