
Microsoft Visual Studio Solution File, Format Version 12.00
# Visual Studio Version 16
VisualStudioVersion = 16.0.29418.71
MinimumVisualStudioVersion = 10.0.40219.1
Project("{FAE04EC0-301F-11D3-BF4B-00C04F79EFBC}") = "Exercícios propostos2", "Exercícios propostos2\Exercícios propostos2.csproj", "{229316E2-ED1E-4180-BFA6-7D3539EEE223}"
EndProject
Global
	GlobalSection(SolutionConfigurationPlatforms) = preSolution
		Debug|Any CPU = Debug|Any CPU
		Release|Any CPU = Release|Any CPU
	EndGlobalSection
	GlobalSection(ProjectConfigurationPlatforms) = postSolution
		{229316E2-ED1E-4180-BFA6-7D3539EEE223}.Debug|Any CPU.ActiveCfg = Debug|Any CPU
		{229316E2-ED1E-4180-BFA6-7D3539EEE223}.Debug|Any CPU.Build.0 = Debug|Any CPU
		{229316E2-ED1E-4180-BFA6-7D3539EEE223}.Release|Any CPU.ActiveCfg = Release|Any CPU
		{229316E2-ED1E-4180-BFA6-7D3539EEE223}.Release|Any CPU.Build.0 = Release|Any CPU
	EndGlobalSection
	GlobalSection(SolutionProperties) = preSolution
		HideSolutionNode = FALSE
	EndGlobalSection
	GlobalSection(ExtensibilityGlobals) = postSolution
		SolutionGuid = {E4585EF1-C8C9-4CDF-9A5C-9D273D9C2D18}
	EndGlobalSection
EndGlobal
