
Microsoft Visual Studio Solution File, Format Version 12.00
# Visual Studio Version 16
VisualStudioVersion = 16.0.29418.71
MinimumVisualStudioVersion = 10.0.40219.1
Project("{FAE04EC0-301F-11D3-BF4B-00C04F79EFBC}") = "TiposReferenciaVsValor", "TiposReferenciaVsValor\TiposReferenciaVsValor.csproj", "{A76FF8DA-A5F1-4801-8BF1-586541CB975E}"
EndProject
Global
	GlobalSection(SolutionConfigurationPlatforms) = preSolution
		Debug|Any CPU = Debug|Any CPU
		Release|Any CPU = Release|Any CPU
	EndGlobalSection
	GlobalSection(ProjectConfigurationPlatforms) = postSolution
		{A76FF8DA-A5F1-4801-8BF1-586541CB975E}.Debug|Any CPU.ActiveCfg = Debug|Any CPU
		{A76FF8DA-A5F1-4801-8BF1-586541CB975E}.Debug|Any CPU.Build.0 = Debug|Any CPU
		{A76FF8DA-A5F1-4801-8BF1-586541CB975E}.Release|Any CPU.ActiveCfg = Release|Any CPU
		{A76FF8DA-A5F1-4801-8BF1-586541CB975E}.Release|Any CPU.Build.0 = Release|Any CPU
	EndGlobalSection
	GlobalSection(SolutionProperties) = preSolution
		HideSolutionNode = FALSE
	EndGlobalSection
	GlobalSection(ExtensibilityGlobals) = postSolution
		SolutionGuid = {A00C94A6-E717-47A0-8532-44FE804978E1}
	EndGlobalSection
EndGlobal
