
Microsoft Visual Studio Solution File, Format Version 12.00
# Visual Studio Version 16
VisualStudioVersion = 16.0.29418.71
MinimumVisualStudioVersion = 10.0.40219.1
Project("{FAE04EC0-301F-11D3-BF4B-00C04F79EFBC}") = "RefEOut", "RefEOut\RefEOut.csproj", "{FD5A0E59-8EB1-47C9-A685-01B2B9CD3C60}"
EndProject
Global
	GlobalSection(SolutionConfigurationPlatforms) = preSolution
		Debug|Any CPU = Debug|Any CPU
		Release|Any CPU = Release|Any CPU
	EndGlobalSection
	GlobalSection(ProjectConfigurationPlatforms) = postSolution
		{FD5A0E59-8EB1-47C9-A685-01B2B9CD3C60}.Debug|Any CPU.ActiveCfg = Debug|Any CPU
		{FD5A0E59-8EB1-47C9-A685-01B2B9CD3C60}.Debug|Any CPU.Build.0 = Debug|Any CPU
		{FD5A0E59-8EB1-47C9-A685-01B2B9CD3C60}.Release|Any CPU.ActiveCfg = Release|Any CPU
		{FD5A0E59-8EB1-47C9-A685-01B2B9CD3C60}.Release|Any CPU.Build.0 = Release|Any CPU
	EndGlobalSection
	GlobalSection(SolutionProperties) = preSolution
		HideSolutionNode = FALSE
	EndGlobalSection
	GlobalSection(ExtensibilityGlobals) = postSolution
		SolutionGuid = {5D251264-2160-4500-9358-713FE550C109}
	EndGlobalSection
EndGlobal
